
Microsoft Visual Studio Solution File, Format Version 11.00
# Visual Studio 2010
Project("{FAE04EC0-301F-11D3-BF4B-00C04F79EFBC}") = "Assembly-CSharp", "Assembly-CSharp.csproj", "{B6557E31-86E6-9C65-0DE4-F3E776F0CC10}"
EndProject
<<<<<<< Updated upstream
=======
Project("{FAE04EC0-301F-11D3-BF4B-00C04F79EFBC}") = "Assembly-CSharp-firstpass", "Assembly-CSharp-firstpass.csproj", "{457C12F6-5FFA-642C-3229-4128809196FC}"
EndProject
Project("{FAE04EC0-301F-11D3-BF4B-00C04F79EFBC}") = "Assembly-CSharp-Editor-firstpass", "Assembly-CSharp-Editor-firstpass.csproj", "{4DB26619-DB59-C4B7-2DE1-BB965A0D5686}"
EndProject
>>>>>>> Stashed changes
Global
	GlobalSection(SolutionConfigurationPlatforms) = preSolution
		Debug|Any CPU = Debug|Any CPU
		Release|Any CPU = Release|Any CPU
	EndGlobalSection
	GlobalSection(ProjectConfigurationPlatforms) = postSolution
		{B6557E31-86E6-9C65-0DE4-F3E776F0CC10}.Debug|Any CPU.ActiveCfg = Debug|Any CPU
		{B6557E31-86E6-9C65-0DE4-F3E776F0CC10}.Debug|Any CPU.Build.0 = Debug|Any CPU
		{B6557E31-86E6-9C65-0DE4-F3E776F0CC10}.Release|Any CPU.ActiveCfg = Release|Any CPU
		{B6557E31-86E6-9C65-0DE4-F3E776F0CC10}.Release|Any CPU.Build.0 = Release|Any CPU
<<<<<<< Updated upstream
=======
		{457C12F6-5FFA-642C-3229-4128809196FC}.Debug|Any CPU.ActiveCfg = Debug|Any CPU
		{457C12F6-5FFA-642C-3229-4128809196FC}.Debug|Any CPU.Build.0 = Debug|Any CPU
		{457C12F6-5FFA-642C-3229-4128809196FC}.Release|Any CPU.ActiveCfg = Release|Any CPU
		{457C12F6-5FFA-642C-3229-4128809196FC}.Release|Any CPU.Build.0 = Release|Any CPU
		{4DB26619-DB59-C4B7-2DE1-BB965A0D5686}.Debug|Any CPU.ActiveCfg = Debug|Any CPU
		{4DB26619-DB59-C4B7-2DE1-BB965A0D5686}.Debug|Any CPU.Build.0 = Debug|Any CPU
		{4DB26619-DB59-C4B7-2DE1-BB965A0D5686}.Release|Any CPU.ActiveCfg = Release|Any CPU
		{4DB26619-DB59-C4B7-2DE1-BB965A0D5686}.Release|Any CPU.Build.0 = Release|Any CPU
>>>>>>> Stashed changes
	EndGlobalSection
	GlobalSection(SolutionProperties) = preSolution
		HideSolutionNode = FALSE
	EndGlobalSection
EndGlobal
